PODS:
  - Alamofire (4.7.3)
  - ReactorKit (1.2.1):
    - RxSwift (>= 4.0.0)
  - RxAtomic (4.4.0)
  - RxSwift (4.4.0):
    - RxAtomic (~> 4.4)
  - SwiftLint (0.28.0)

DEPENDENCIES:
  - Alamofire
  - ReactorKit
  - RxSwift
  - SwiftLint

SPEC REPOS:
  https://github.com/cocoapods/specs.git:
    - Alamofire
    - ReactorKit
    - RxAtomic
    - RxSwift
    - SwiftLint

SPEC CHECKSUMS:
  Alamofire: c7287b6e5d7da964a70935e5db17046b7fde6568
  ReactorKit: 8be57f0527ad1ac2963cd5c338274a46a01e57a3
  RxAtomic: eacf60db868c96bfd63320e28619fe29c179656f
  RxSwift: 5976ecd04fc2fefd648827c23de5e11157faa973
  SwiftLint: 088cfacb75b45970017e62b7524d506776d60148

PODFILE CHECKSUM: 26ea19d9cffa6eb44c73e5bfc6af55d138da9842

COCOAPODS: 1.5.3
